
Microsoft Visual Studio Solution File, Format Version 12.00
# Visual Studio Version 18
VisualStudioVersion = 18.0.11222.15
MinimumVisualStudioVersion = 10.0.40219.1
Project("{FAE04EC0-301F-11D3-BF4B-00C04F79EFBC}") = "TaskManagementApi", "TaskManagementApi\TaskManagementApi.csproj", "{E7A16A61-AF4E-4B58-8B2B-9B065A1868D0}"
EndProject
Project("{FAE04EC0-301F-11D3-BF4B-00C04F79EFBC}") = "TaskManagementWeb", "TaskManagementWeb\TaskManagementWeb.csproj", "{D1C50623-EA1C-43EA-90F4-0FAFFCDAEE09}"
EndProject
Project("{FAE04EC0-301F-11D3-BF4B-00C04F79EFBC}") = "TaskManageMentApi.Tests", "TaskManageMentApi.Tests\TaskManageMentApi.Tests.csproj", "{67D769C3-D58E-4904-A758-B5D8969E4F46}"
EndProject
Project("{FAE04EC0-301F-11D3-BF4B-00C04F79EFBC}") = "TaskManagementApi.IntegrationTests", "TaskManagement.IntegrationTests\TaskManagementApi.IntegrationTests.csproj", "{64E49056-1D88-4E31-963B-AF8CA634C47E}"
EndProject
Global
	GlobalSection(SolutionConfigurationPlatforms) = preSolution
		Debug|Any CPU = Debug|Any CPU
		Release|Any CPU = Release|Any CPU
	EndGlobalSection
	GlobalSection(ProjectConfigurationPlatforms) = postSolution
		{E7A16A61-AF4E-4B58-8B2B-9B065A1868D0}.Debug|Any CPU.ActiveCfg = Debug|Any CPU
		{E7A16A61-AF4E-4B58-8B2B-9B065A1868D0}.Debug|Any CPU.Build.0 = Debug|Any CPU
		{E7A16A61-AF4E-4B58-8B2B-9B065A1868D0}.Release|Any CPU.ActiveCfg = Release|Any CPU
		{E7A16A61-AF4E-4B58-8B2B-9B065A1868D0}.Release|Any CPU.Build.0 = Release|Any CPU
		{D1C50623-EA1C-43EA-90F4-0FAFFCDAEE09}.Debug|Any CPU.ActiveCfg = Debug|Any CPU
		{D1C50623-EA1C-43EA-90F4-0FAFFCDAEE09}.Debug|Any CPU.Build.0 = Debug|Any CPU
		{D1C50623-EA1C-43EA-90F4-0FAFFCDAEE09}.Release|Any CPU.ActiveCfg = Release|Any CPU
		{D1C50623-EA1C-43EA-90F4-0FAFFCDAEE09}.Release|Any CPU.Build.0 = Release|Any CPU
		{67D769C3-D58E-4904-A758-B5D8969E4F46}.Debug|Any CPU.ActiveCfg = Debug|Any CPU
		{67D769C3-D58E-4904-A758-B5D8969E4F46}.Debug|Any CPU.Build.0 = Debug|Any CPU
		{67D769C3-D58E-4904-A758-B5D8969E4F46}.Release|Any CPU.ActiveCfg = Release|Any CPU
		{67D769C3-D58E-4904-A758-B5D8969E4F46}.Release|Any CPU.Build.0 = Release|Any CPU
		{64E49056-1D88-4E31-963B-AF8CA634C47E}.Debug|Any CPU.ActiveCfg = Debug|Any CPU
		{64E49056-1D88-4E31-963B-AF8CA634C47E}.Debug|Any CPU.Build.0 = Debug|Any CPU
		{64E49056-1D88-4E31-963B-AF8CA634C47E}.Release|Any CPU.ActiveCfg = Release|Any CPU
		{64E49056-1D88-4E31-963B-AF8CA634C47E}.Release|Any CPU.Build.0 = Release|Any CPU
	EndGlobalSection
	GlobalSection(SolutionProperties) = preSolution
		HideSolutionNode = FALSE
	EndGlobalSection
	GlobalSection(ExtensibilityGlobals) = postSolution
		SolutionGuid = {1C8F867C-99AE-4C4D-BBB3-6088E2C2BE9F}
	EndGlobalSection
EndGlobal
